{
  "name": "node_catboost_test",
  "version": "1.0.0",
  "lockfileVersion": 3,
  "requires": true,
  "packages": {
    "": {
      "name": "node_catboost_test",
      "version": "1.0.0",
      "license": "ISC",
      "dependencies": {
        "catboost": "^1.27.0"
      }
    },
    "node_modules/catboost": {
      "version": "1.27.0",
      "resolved": "https://registry.npmjs.org/catboost/-/catboost-1.27.0.tgz",
      "integrity": "sha512-K43VzrpBgDYMlaGTPk2z8mmD//KWV2nlunhC23dt6VOFrDa30SMNMWXvavVR5SRBFHNReZxx3cC/LeurwO25gQ==",
      "hasInstallScript": true,
      "license": "Apache-2.0",
      "dependencies": {
        "node-addon-api": "^8.2.2"
      }
    },
    "node_modules/node-addon-api": {
      "version": "8.8.0",
      "resolved": "https://registry.npmjs.org/node-addon-api/-/node-addon-api-8.8.0.tgz",
      "integrity": "sha512-c5Ko1fZJIJmzhFIkhRN76WTq+fC6tWnGy9CXA0fA+XygsWZmEwG8vmbkNqxMyoaa0Tin4djul49NzdVcJJcjeA==",
      "license": "MIT",
      "engines": {
        "node": "^18 || ^20 || >= 21"
      }
    }
  }
}
